
Microsoft Visual Studio Solution File, Format Version 12.00
# Visual Studio Version 17
VisualStudioVersion = 17.13.35825.156
MinimumVisualStudioVersion = 10.0.40219.1
Project("{FAE04EC0-301F-11D3-BF4B-00C04F79EFBC}") = "Business", "Business\Business.csproj", "{55300FA2-C9CA-43CD-80F1-9143A012BC2E}"
EndProject
Project("{FAE04EC0-301F-11D3-BF4B-00C04F79EFBC}") = "Core", "Core\Core.csproj", "{94B6708A-27E5-45CA-B0C5-8F04F5AA98BA}"
EndProject
Project("{FAE04EC0-301F-11D3-BF4B-00C04F79EFBC}") = "DataAccess", "DataAccess\DataAccess.csproj", "{05B140C6-1AF6-4A5D-8088-20D4E339CE6A}"
EndProject
Project("{FAE04EC0-301F-11D3-BF4B-00C04F79EFBC}") = "Entities", "Entities\Entities.csproj", "{1772A650-4359-448C-98EA-75E8B3E33094}"
EndProject
Project("{FAE04EC0-301F-11D3-BF4B-00C04F79EFBC}") = "WebApi", "WebApi\WebApi.csproj", "{F5A9632F-C0A4-4AFD-896B-F15DE0E2AB90}"
EndProject
Global
	GlobalSection(SolutionConfigurationPlatforms) = preSolution
		Debug|Any CPU = Debug|Any CPU
		Release|Any CPU = Release|Any CPU
	EndGlobalSection
	GlobalSection(ProjectConfigurationPlatforms) = postSolution
		{55300FA2-C9CA-43CD-80F1-9143A012BC2E}.Debug|Any CPU.ActiveCfg = Debug|Any CPU
		{55300FA2-C9CA-43CD-80F1-9143A012BC2E}.Debug|Any CPU.Build.0 = Debug|Any CPU
		{55300FA2-C9CA-43CD-80F1-9143A012BC2E}.Release|Any CPU.ActiveCfg = Release|Any CPU
		{55300FA2-C9CA-43CD-80F1-9143A012BC2E}.Release|Any CPU.Build.0 = Release|Any CPU
		{94B6708A-27E5-45CA-B0C5-8F04F5AA98BA}.Debug|Any CPU.ActiveCfg = Debug|Any CPU
		{94B6708A-27E5-45CA-B0C5-8F04F5AA98BA}.Debug|Any CPU.Build.0 = Debug|Any CPU
		{94B6708A-27E5-45CA-B0C5-8F04F5AA98BA}.Release|Any CPU.ActiveCfg = Release|Any CPU
		{94B6708A-27E5-45CA-B0C5-8F04F5AA98BA}.Release|Any CPU.Build.0 = Release|Any CPU
		{05B140C6-1AF6-4A5D-8088-20D4E339CE6A}.Debug|Any CPU.ActiveCfg = Debug|Any CPU
		{05B140C6-1AF6-4A5D-8088-20D4E339CE6A}.Debug|Any CPU.Build.0 = Debug|Any CPU
		{05B140C6-1AF6-4A5D-8088-20D4E339CE6A}.Release|Any CPU.ActiveCfg = Release|Any CPU
		{05B140C6-1AF6-4A5D-8088-20D4E339CE6A}.Release|Any CPU.Build.0 = Release|Any CPU
		{1772A650-4359-448C-98EA-75E8B3E33094}.Debug|Any CPU.ActiveCfg = Debug|Any CPU
		{1772A650-4359-448C-98EA-75E8B3E33094}.Debug|Any CPU.Build.0 = Debug|Any CPU
		{1772A650-4359-448C-98EA-75E8B3E33094}.Release|Any CPU.ActiveCfg = Release|Any CPU
		{1772A650-4359-448C-98EA-75E8B3E33094}.Release|Any CPU.Build.0 = Release|Any CPU
		{F5A9632F-C0A4-4AFD-896B-F15DE0E2AB90}.Debug|Any CPU.ActiveCfg = Debug|Any CPU
		{F5A9632F-C0A4-4AFD-896B-F15DE0E2AB90}.Debug|Any CPU.Build.0 = Debug|Any CPU
		{F5A9632F-C0A4-4AFD-896B-F15DE0E2AB90}.Release|Any CPU.ActiveCfg = Release|Any CPU
		{F5A9632F-C0A4-4AFD-896B-F15DE0E2AB90}.Release|Any CPU.Build.0 = Release|Any CPU
	EndGlobalSection
	GlobalSection(SolutionProperties) = preSolution
		HideSolutionNode = FALSE
	EndGlobalSection
	GlobalSection(ExtensibilityGlobals) = postSolution
		SolutionGuid = {910C5EA0-BC95-494E-9FC2-F182658B6259}
	EndGlobalSection
EndGlobal
